// !$*UTF8*$!
{
	archiveVersion = 1;
	classes = {
	};
	objectVersion = 50;
	objects = {

/* Begin PBXBuildFile section */
		7B10B7B025C823B200D0272E /* AppDelegate.swift in Sources */ = {isa = PBXBuildFile; fileRef = 7B10B7AF25C823B200D0272E /* AppDelegate.swift */; };
		7B10B7B225C823B200D0272E /* SceneDelegate.swift in Sources */ = {isa = PBXBuildFile; fileRef = 7B10B7B125C823B200D0272E /* SceneDelegate.swift */; };
		7B10B7B425C823B200D0272E /* TaskListViewController.swift in Sources */ = {isa = PBXBuildFile; fileRef = 7B10B7B325C823B200D0272E /* TaskListViewController.swift */; };
		7B10B7B725C823B200D0272E /* Main.storyboard in Resources */ = {isa = PBXBuildFile; fileRef = 7B10B7B525C823B200D0272E /* Main.storyboard */; };
		7B10B7B925C823BA00D0272E /* Assets.xcassets in Resources */ = {isa = PBXBuildFile; fileRef = 7B10B7B825C823BA00D0272E /* Assets.xcassets */; };
		7B10B7BC25C823BA00D0272E /* LaunchScreen.storyboard in Resources */ = {isa = PBXBuildFile; fileRef = 7B10B7BA25C823BA00D0272E /* LaunchScreen.storyboard */; };
		7B10B7C725C823BB00D0272E /* ToDoTests.swift in Sources */ = {isa = PBXBuildFile; fileRef = 7B10B7C625C823BB00D0272E /* ToDoTests.swift */; };
		7B10B7D225C823BB00D0272E /* ToDoUITests.swift in Sources */ = {isa = PBXBuildFile; fileRef = 7B10B7D125C823BB00D0272E /* ToDoUITests.swift */; };
		7B10B7F025C8296100D0272E /* TaskTest.swift in Sources */ = {isa = PBXBuildFile; fileRef = 7B10B7EF25C8296100D0272E /* TaskTest.swift */; };
		7B10B7FC25C82AE200D0272E /* Task.swift in Sources */ = {isa = PBXBuildFile; fileRef = 7B10B7FB25C82AE200D0272E /* Task.swift */; };
		7B10B80125C961C100D0272E /* Location.swift in Sources */ = {isa = PBXBuildFile; fileRef = 7B10B80025C961C100D0272E /* Location.swift */; };
		7B10B80625C963D500D0272E /* LocationTest.swift in Sources */ = {isa = PBXBuildFile; fileRef = 7B10B80525C963D500D0272E /* LocationTest.swift */; };
		7B26144125CC1F2D007B54D7 /* DataProvider.swift in Sources */ = {isa = PBXBuildFile; fileRef = 7B26144025CC1F2D007B54D7 /* DataProvider.swift */; };
		7B424FA325CBFD57000CD755 /* TaskListViewControllerTest.swift in Sources */ = {isa = PBXBuildFile; fileRef = 7B424FA225CBFD56000CD755 /* TaskListViewControllerTest.swift */; };
		7B7FA95825CAE5AD003B02B6 /* TaskManagerTest.swift in Sources */ = {isa = PBXBuildFile; fileRef = 7B7FA95725CAE5AD003B02B6 /* TaskManagerTest.swift */; };
		7B7FA96125CAE656003B02B6 /* TaskManager.swift in Sources */ = {isa = PBXBuildFile; fileRef = 7B7FA96025CAE656003B02B6 /* TaskManager.swift */; };
/* End PBXBuildFile section */

/* Begin PBXContainerItemProxy section */
		7B10B7C325C823BB00D0272E /* PBXContainerItemProxy */ = {
			isa = PBXContainerItemProxy;
			containerPortal = 7B10B7A425C823B200D0272E /* Project object */;
			proxyType = 1;
			remoteGlobalIDString = 7B10B7AB25C823B200D0272E;
			remoteInfo = ToDo;
		};
		7B10B7CE25C823BB00D0272E /* PBXContainerItemProxy */ = {
			isa = PBXContainerItemProxy;
			containerPortal = 7B10B7A425C823B200D0272E /* Project object */;
			proxyType = 1;
			remoteGlobalIDString = 7B10B7AB25C823B200D0272E;
			remoteInfo = ToDo;
		};
/* End PBXContainerItemProxy section */

/* Begin PBXFileReference section */
		7B10B7AC25C823B200D0272E /* ToDo.app */ = {isa = PBXFileReference; explicitFileType = wrapper.application; includeInIndex = 0; path = ToDo.app; sourceTree = BUILT_PRODUCTS_DIR; };
		7B10B7AF25C823B200D0272E /* AppDelegate.swift */ = {isa = PBXFileReference; lastKnownFileType = sourcecode.swift; path = AppDelegate.swift; sourceTree = "<group>"; };
		7B10B7B125C823B200D0272E /* SceneDelegate.swift */ = {isa = PBXFileReference; lastKnownFileType = sourcecode.swift; path = SceneDelegate.swift; sourceTree = "<group>"; };
		7B10B7B325C823B200D0272E /* TaskListViewController.swift */ = {isa = PBXFileReference; lastKnownFileType = sourcecode.swift; path = TaskListViewController.swift; sourceTree = "<group>"; };
		7B10B7B625C823B200D0272E /* Base */ = {isa = PBXFileReference; lastKnownFileType = file.storyboard; name = Base; path = Base.lproj/Main.storyboard; sourceTree = "<group>"; };
		7B10B7B825C823BA00D0272E /* Assets.xcassets */ = {isa = PBXFileReference; lastKnownFileType = folder.assetcatalog; path = Assets.xcassets; sourceTree = "<group>"; };
		7B10B7BB25C823BA00D0272E /* Base */ = {isa = PBXFileReference; lastKnownFileType = file.storyboard; name = Base; path = Base.lproj/LaunchScreen.storyboard; sourceTree = "<group>"; };
		7B10B7BD25C823BA00D0272E /* Info.plist */ = {isa = PBXFileReference; lastKnownFileType = text.plist.xml; path = Info.plist; sourceTree = "<group>"; };
		7B10B7C225C823BB00D0272E /* ToDoTests.xctest */ = {isa = PBXFileReference; explicitFileType = wrapper.cfbundle; includeInIndex = 0; path = ToDoTests.xctest; sourceTree = BUILT_PRODUCTS_DIR; };
		7B10B7C625C823BB00D0272E /* ToDoTests.swift */ = {isa = PBXFileReference; lastKnownFileType = sourcecode.swift; path = ToDoTests.swift; sourceTree = "<group>"; };
		7B10B7C825C823BB00D0272E /* Info.plist */ = {isa = PBXFileReference; lastKnownFileType = text.plist.xml; path = Info.plist; sourceTree = "<group>"; };
		7B10B7CD25C823BB00D0272E /* ToDoUITests.xctest */ = {isa = PBXFileReference; explicitFileType = wrapper.cfbundle; includeInIndex = 0; path = ToDoUITests.xctest; sourceTree = BUILT_PRODUCTS_DIR; };
		7B10B7D125C823BB00D0272E /* ToDoUITests.swift */ = {isa = PBXFileReference; lastKnownFileType = sourcecode.swift; path = ToDoUITests.swift; sourceTree = "<group>"; };
		7B10B7D325C823BB00D0272E /* Info.plist */ = {isa = PBXFileReference; lastKnownFileType = text.plist.xml; path = Info.plist; sourceTree = "<group>"; };
		7B10B7EF25C8296100D0272E /* TaskTest.swift */ = {isa = PBXFileReference; lastKnownFileType = sourcecode.swift; path = TaskTest.swift; sourceTree = "<group>"; };
		7B10B7FB25C82AE200D0272E /* Task.swift */ = {isa = PBXFileReference; lastKnownFileType = sourcecode.swift; path = Task.swift; sourceTree = "<group>"; };
		7B10B80025C961C100D0272E /* Location.swift */ = {isa = PBXFileReference; lastKnownFileType = sourcecode.swift; path = Location.swift; sourceTree = "<group>"; };
		7B10B80525C963D500D0272E /* LocationTest.swift */ = {isa = PBXFileReference; lastKnownFileType = sourcecode.swift; path = LocationTest.swift; sourceTree = "<group>"; };
		7B26144025CC1F2D007B54D7 /* DataProvider.swift */ = {isa = PBXFileReference; lastKnownFileType = sourcecode.swift; path = DataProvider.swift; sourceTree = "<group>"; };
		7B424FA225CBFD56000CD755 /* TaskListViewControllerTest.swift */ = {isa = PBXFileReference; lastKnownFileType = sourcecode.swift; path = TaskListViewControllerTest.swift; sourceTree = "<group>"; };
		7B7FA95725CAE5AD003B02B6 /* TaskManagerTest.swift */ = {isa = PBXFileReference; lastKnownFileType = sourcecode.swift; path = TaskManagerTest.swift; sourceTree = "<group>"; };
		7B7FA96025CAE656003B02B6 /* TaskManager.swift */ = {isa = PBXFileReference; lastKnownFileType = sourcecode.swift; path = TaskManager.swift; sourceTree = "<group>"; };
/* End PBXFileReference section */

/* Begin PBXFrameworksBuildPhase section */
		7B10B7A925C823B200D0272E /* Frameworks */ = {
			isa = PBXFrameworksBuildPhase;
			buildActionMask = 2147483647;
			files = (
			);
			runOnlyForDeploymentPostprocessing = 0;
		};
		7B10B7BF25C823BB00D0272E /* Frameworks */ = {
			isa = PBXFrameworksBuildPhase;
			buildActionMask = 2147483647;
			files = (
			);
			runOnlyForDeploymentPostprocessing = 0;
		};
		7B10B7CA25C823BB00D0272E /* Frameworks */ = {
			isa = PBXFrameworksBuildPhase;
			buildActionMask = 2147483647;
			files = (
			);
			runOnlyForDeploymentPostprocessing = 0;
		};
/* End PBXFrameworksBuildPhase section */

/* Begin PBXGroup section */
		7B10B7A325C823B200D0272E = {
			isa = PBXGroup;
			children = (
				7B10B7AE25C823B200D0272E /* ToDo */,
				7B10B7C525C823BB00D0272E /* ToDoTests */,
				7B10B7D025C823BB00D0272E /* ToDoUITests */,
				7B10B7AD25C823B200D0272E /* Products */,
			);
			sourceTree = "<group>";
		};
		7B10B7AD25C823B200D0272E /* Products */ = {
			isa = PBXGroup;
			children = (
				7B10B7AC25C823B200D0272E /* ToDo.app */,
				7B10B7C225C823BB00D0272E /* ToDoTests.xctest */,
				7B10B7CD25C823BB00D0272E /* ToDoUITests.xctest */,
			);
			name = Products;
			sourceTree = "<group>";
		};
		7B10B7AE25C823B200D0272E /* ToDo */ = {
			isa = PBXGroup;
			children = (
				7B7FA95F25CAE640003B02B6 /* Manager */,
				7B10B7E725C8248F00D0272E /* Model */,
				7B10B7E525C8247F00D0272E /* View */,
				7B10B7E225C8245D00D0272E /* Controller */,
				7B10B7E825C824BB00D0272E /* Supporting Files */,
			);
			path = ToDo;
			sourceTree = "<group>";
		};
		7B10B7C525C823BB00D0272E /* ToDoTests */ = {
			isa = PBXGroup;
			children = (
				7B424FA125CBFD0A000CD755 /* Controller */,
				7B7FA95525CAE564003B02B6 /* Manager */,
				7B10B7C625C823BB00D0272E /* ToDoTests.swift */,
				7B10B7C825C823BB00D0272E /* Info.plist */,
				7B10B7F425C8297500D0272E /* Model */,
			);
			path = ToDoTests;
			sourceTree = "<group>";
		};
		7B10B7D025C823BB00D0272E /* ToDoUITests */ = {
			isa = PBXGroup;
			children = (
				7B10B7D125C823BB00D0272E /* ToDoUITests.swift */,
				7B10B7D325C823BB00D0272E /* Info.plist */,
			);
			path = ToDoUITests;
			sourceTree = "<group>";
		};
		7B10B7E225C8245D00D0272E /* Controller */ = {
			isa = PBXGroup;
			children = (
				7B10B7B325C823B200D0272E /* TaskListViewController.swift */,
				7B26144025CC1F2D007B54D7 /* DataProvider.swift */,
			);
			path = Controller;
			sourceTree = "<group>";
		};
		7B10B7E525C8247F00D0272E /* View */ = {
			isa = PBXGroup;
			children = (
			);
			path = View;
			sourceTree = "<group>";
		};
		7B10B7E725C8248F00D0272E /* Model */ = {
			isa = PBXGroup;
			children = (
				7B10B7FB25C82AE200D0272E /* Task.swift */,
				7B10B80025C961C100D0272E /* Location.swift */,
			);
			path = Model;
			sourceTree = "<group>";
		};
		7B10B7E825C824BB00D0272E /* Supporting Files */ = {
			isa = PBXGroup;
			children = (
				7B10B7AF25C823B200D0272E /* AppDelegate.swift */,
				7B10B7B125C823B200D0272E /* SceneDelegate.swift */,
				7B10B7B525C823B200D0272E /* Main.storyboard */,
				7B10B7B825C823BA00D0272E /* Assets.xcassets */,
				7B10B7BA25C823BA00D0272E /* LaunchScreen.storyboard */,
				7B10B7BD25C823BA00D0272E /* Info.plist */,
			);
			path = "Supporting Files";
			sourceTree = "<group>";
		};
		7B10B7F425C8297500D0272E /* Model */ = {
			isa = PBXGroup;
			children = (
				7B10B7EF25C8296100D0272E /* TaskTest.swift */,
				7B10B80525C963D500D0272E /* LocationTest.swift */,
			);
			path = Model;
			sourceTree = "<group>";
		};
		7B424FA125CBFD0A000CD755 /* Controller */ = {
			isa = PBXGroup;
			children = (
				7B424FA225CBFD56000CD755 /* TaskListViewControllerTest.swift */,
			);
			path = Controller;
			sourceTree = "<group>";
		};
		7B7FA95525CAE564003B02B6 /* Manager */ = {
			isa = PBXGroup;
			children = (
				7B7FA95725CAE5AD003B02B6 /* TaskManagerTest.swift */,
			);
			path = Manager;
			sourceTree = "<group>";
		};
		7B7FA95F25CAE640003B02B6 /* Manager */ = {
			isa = PBXGroup;
			children = (
				7B7FA96025CAE656003B02B6 /* TaskManager.swift */,
			);
			path = Manager;
			sourceTree = "<group>";
		};
/* End PBXGroup section */

/* Begin PBXNativeTarget section */
		7B10B7AB25C823B200D0272E /* ToDo */ = {
			isa = PBXNativeTarget;
			buildConfigurationList = 7B10B7D625C823BB00D0272E /* Build configuration list for PBXNativeTarget "ToDo" */;
			buildPhases = (
				7B10B7A825C823B200D0272E /* Sources */,
				7B10B7A925C823B200D0272E /* Frameworks */,
				7B10B7AA25C823B200D0272E /* Resources */,
			);
			buildRules = (
			);
			dependencies = (
			);
			name = ToDo;
			productName = ToDo;
			productReference = 7B10B7AC25C823B200D0272E /* ToDo.app */;
			productType = "com.apple.product-type.application";
		};
		7B10B7C125C823BB00D0272E /* ToDoTests */ = {
			isa = PBXNativeTarget;
			buildConfigurationList = 7B10B7D925C823BB00D0272E /* Build configuration list for PBXNativeTarget "ToDoTests" */;
			buildPhases = (
				7B10B7BE25C823BB00D0272E /* Sources */,
				7B10B7BF25C823BB00D0272E /* Frameworks */,
				7B10B7C025C823BB00D0272E /* Resources */,
			);
			buildRules = (
			);
			dependencies = (
				7B10B7C425C823BB00D0272E /* PBXTargetDependency */,
			);
			name = ToDoTests;
			productName = ToDoTests;
			productReference = 7B10B7C225C823BB00D0272E /* ToDoTests.xctest */;
			productType = "com.apple.product-type.bundle.unit-test";
		};
		7B10B7CC25C823BB00D0272E /* ToDoUITests */ = {
			isa = PBXNativeTarget;
			buildConfigurationList = 7B10B7DC25C823BB00D0272E /* Build configuration list for PBXNativeTarget "ToDoUITests" */;
			buildPhases = (
				7B10B7C925C823BB00D0272E /* Sources */,
				7B10B7CA25C823BB00D0272E /* Frameworks */,
				7B10B7CB25C823BB00D0272E /* Resources */,
			);
			buildRules = (
			);
			dependencies = (
				7B10B7CF25C823BB00D0272E /* PBXTargetDependency */,
			);
			name = ToDoUITests;
			productName = ToDoUITests;
			productReference = 7B10B7CD25C823BB00D0272E /* ToDoUITests.xctest */;
			productType = "com.apple.product-type.bundle.ui-testing";
		};
/* End PBXNativeTarget section */

/* Begin PBXProject section */
		7B10B7A425C823B200D0272E /* Project object */ = {
			isa = PBXProject;
			attributes = {
				LastSwiftUpdateCheck = 1220;
				LastUpgradeCheck = 1220;
				TargetAttributes = {
					7B10B7AB25C823B200D0272E = {
						CreatedOnToolsVersion = 12.2;
					};
					7B10B7C125C823BB00D0272E = {
						CreatedOnToolsVersion = 12.2;
						TestTargetID = 7B10B7AB25C823B200D0272E;
					};
					7B10B7CC25C823BB00D0272E = {
						CreatedOnToolsVersion = 12.2;
						TestTargetID = 7B10B7AB25C823B200D0272E;
					};
				};
			};
			buildConfigurationList = 7B10B7A725C823B200D0272E /* Build configuration list for PBXProject "ToDo" */;
			compatibilityVersion = "Xcode 9.3";
			developmentRegion = en;
			hasScannedForEncodings = 0;
			knownRegions = (
				en,
				Base,
			);
			mainGroup = 7B10B7A325C823B200D0272E;
			productRefGroup = 7B10B7AD25C823B200D0272E /* Products */;
			projectDirPath = "";
			projectRoot = "";
			targets = (
				7B10B7AB25C823B200D0272E /* ToDo */,
				7B10B7C125C823BB00D0272E /* ToDoTests */,
				7B10B7CC25C823BB00D0272E /* ToDoUITests */,
			);
		};
/* End PBXProject section */

/* Begin PBXResourcesBuildPhase section */
		7B10B7AA25C823B200D0272E /* Resources */ = {
			isa = PBXResourcesBuildPhase;
			buildActionMask = 2147483647;
			files = (
				7B10B7BC25C823BA00D0272E /* LaunchScreen.storyboard in Resources */,
				7B10B7B925C823BA00D0272E /* Assets.xcassets in Resources */,
				7B10B7B725C823B200D0272E /* Main.storyboard in Resources */,
			);
			runOnlyForDeploymentPostprocessing = 0;
		};
		7B10B7C025C823BB00D0272E /* Resources */ = {
			isa = PBXResourcesBuildPhase;
			buildActionMask = 2147483647;
			files = (
			);
			runOnlyForDeploymentPostprocessing = 0;
		};
		7B10B7CB25C823BB00D0272E /* Resources */ = {
			isa = PBXResourcesBuildPhase;
			buildActionMask = 2147483647;
			files = (
			);
			runOnlyForDeploymentPostprocessing = 0;
		};
/* End PBXResourcesBuildPhase section */

/* Begin PBXSourcesBuildPhase section */
		7B10B7A825C823B200D0272E /* Sources */ = {
			isa = PBXSourcesBuildPhase;
			buildActionMask = 2147483647;
			files = (
				7B7FA96125CAE656003B02B6 /* TaskManager.swift in Sources */,
				7B10B7FC25C82AE200D0272E /* Task.swift in Sources */,
				7B10B7B425C823B200D0272E /* TaskListViewController.swift in Sources */,
				7B26144125CC1F2D007B54D7 /* DataProvider.swift in Sources */,
				7B10B80125C961C100D0272E /* Location.swift in Sources */,
				7B10B7B025C823B200D0272E /* AppDelegate.swift in Sources */,
				7B10B7B225C823B200D0272E /* SceneDelegate.swift in Sources */,
			);
			runOnlyForDeploymentPostprocessing = 0;
		};
		7B10B7BE25C823BB00D0272E /* Sources */ = {
			isa = PBXSourcesBuildPhase;
			buildActionMask = 2147483647;
			files = (
				7B10B7F025C8296100D0272E /* TaskTest.swift in Sources */,
				7B10B7C725C823BB00D0272E /* ToDoTests.swift in Sources */,
				7B7FA95825CAE5AD003B02B6 /* TaskManagerTest.swift in Sources */,
				7B10B80625C963D500D0272E /* LocationTest.swift in Sources */,
				7B424FA325CBFD57000CD755 /* TaskListViewControllerTest.swift in Sources */,
			);
			runOnlyForDeploymentPostprocessing = 0;
		};
		7B10B7C925C823BB00D0272E /* Sources */ = {
			isa = PBXSourcesBuildPhase;
			buildActionMask = 2147483647;
			files = (
				7B10B7D225C823BB00D0272E /* ToDoUITests.swift in Sources */,
			);
			runOnlyForDeploymentPostprocessing = 0;
		};
/* End PBXSourcesBuildPhase section */

/* Begin PBXTargetDependency section */
		7B10B7C425C823BB00D0272E /* PBXTargetDependency */ = {
			isa = PBXTargetDependency;
			target = 7B10B7AB25C823B200D0272E /* ToDo */;
			targetProxy = 7B10B7C325C823BB00D0272E /* PBXContainerItemProxy */;
		};
		7B10B7CF25C823BB00D0272E /* PBXTargetDependency */ = {
			isa = PBXTargetDependency;
			target = 7B10B7AB25C823B200D0272E /* ToDo */;
			targetProxy = 7B10B7CE25C823BB00D0272E /* PBXContainerItemProxy */;
		};
/* End PBXTargetDependency section */

/* Begin PBXVariantGroup section */
		7B10B7B525C823B200D0272E /* Main.storyboard */ = {
			isa = PBXVariantGroup;
			children = (
				7B10B7B625C823B200D0272E /* Base */,
			);
			name = Main.storyboard;
			sourceTree = "<group>";
		};
		7B10B7BA25C823BA00D0272E /* LaunchScreen.storyboard */ = {
			isa = PBXVariantGroup;
			children = (
				7B10B7BB25C823BA00D0272E /* Base */,
			);
			name = LaunchScreen.storyboard;
			sourceTree = "<group>";
		};
/* End PBXVariantGroup section */

/* Begin XCBuildConfiguration section */
		7B10B7D425C823BB00D0272E /* Debug */ = {
			isa = XCBuildConfiguration;
			buildSettings = {
				ALWAYS_SEARCH_USER_PATHS = NO;
				CLANG_ANALYZER_NONNULL = YES;
				CLANG_ANALYZER_NUMBER_OBJECT_CONVERSION = YES_AGGRESSIVE;
				CLANG_CXX_LANGUAGE_STANDARD = "gnu++14";
				CLANG_CXX_LIBRARY = "libc++";
				CLANG_ENABLE_MODULES = YES;
				CLANG_ENABLE_OBJC_ARC = YES;
				CLANG_ENABLE_OBJC_WEAK = YES;
				CLANG_WARN_BLOCK_CAPTURE_AUTORELEASING = YES;
				CLANG_WARN_BOOL_CONVERSION = YES;
				CLANG_WARN_COMMA = YES;
				CLANG_WARN_CONSTANT_CONVERSION = YES;
				CLANG_WARN_DEPRECATED_OBJC_IMPLEMENTATIONS = YES;
				CLANG_WARN_DIRECT_OBJC_ISA_USAGE = YES_ERROR;
				CLANG_WARN_DOCUMENTATION_COMMENTS = YES;
				CLANG_WARN_EMPTY_BODY = YES;
				CLANG_WARN_ENUM_CONVERSION = YES;
				CLANG_WARN_INFINITE_RECURSION = YES;
				CLANG_WARN_INT_CONVERSION = YES;
				CLANG_WARN_NON_LITERAL_NULL_CONVERSION = YES;
				CLANG_WARN_OBJC_IMPLICIT_RETAIN_SELF = YES;
				CLANG_WARN_OBJC_LITERAL_CONVERSION = YES;
				CLANG_WARN_OBJC_ROOT_CLASS = YES_ERROR;
				CLANG_WARN_QUOTED_INCLUDE_IN_FRAMEWORK_HEADER = YES;
				CLANG_WARN_RANGE_LOOP_ANALYSIS = YES;
				CLANG_WARN_STRICT_PROTOTYPES = YES;
				CLANG_WARN_SUSPICIOUS_MOVE = YES;
				CLANG_WARN_UNGUARDED_AVAILABILITY = YES_AGGRESSIVE;
				CLANG_WARN_UNREACHABLE_CODE = YES;
				CLANG_WARN__DUPLICATE_METHOD_MATCH = YES;
				COPY_PHASE_STRIP = NO;
				DEBUG_INFORMATION_FORMAT = dwarf;
				ENABLE_STRICT_OBJC_MSGSEND = YES;
				ENABLE_TESTABILITY = YES;
				GCC_C_LANGUAGE_STANDARD = gnu11;
				GCC_DYNAMIC_NO_PIC = NO;
				GCC_NO_COMMON_BLOCKS = YES;
				GCC_OPTIMIZATION_LEVEL = 0;
				GCC_PREPROCESSOR_DEFINITIONS = (
					"DEBUG=1",
					"$(inherited)",
				);
				GCC_WARN_64_TO_32_BIT_CONVERSION = YES;
				GCC_WARN_ABOUT_RETURN_TYPE = YES_ERROR;
				GCC_WARN_UNDECLARED_SELECTOR = YES;
				GCC_WARN_UNINITIALIZED_AUTOS = YES_AGGRESSIVE;
				GCC_WARN_UNUSED_FUNCTION = YES;
				GCC_WARN_UNUSED_VARIABLE = YES;
				IPHONEOS_DEPLOYMENT_TARGET = 14.2;
				MTL_ENABLE_DEBUG_INFO = INCLUDE_SOURCE;
				MTL_FAST_MATH = YES;
				ONLY_ACTIVE_ARCH = YES;
				SDKROOT = iphoneos;
				SWIFT_ACTIVE_COMPILATION_CONDITIONS = DEBUG;
				SWIFT_OPTIMIZATION_LEVEL = "-Onone";
			};
			name = Debug;
		};
		7B10B7D525C823BB00D0272E /* Release */ = {
			isa = XCBuildConfiguration;
			buildSettings = {
				ALWAYS_SEARCH_USER_PATHS = NO;
				CLANG_ANALYZER_NONNULL = YES;
				CLANG_ANALYZER_NUMBER_OBJECT_CONVERSION = YES_AGGRESSIVE;
				CLANG_CXX_LANGUAGE_STANDARD = "gnu++14";
				CLANG_CXX_LIBRARY = "libc++";
				CLANG_ENABLE_MODULES = YES;
				CLANG_ENABLE_OBJC_ARC = YES;
				CLANG_ENABLE_OBJC_WEAK = YES;
				CLANG_WARN_BLOCK_CAPTURE_AUTORELEASING = YES;
				CLANG_WARN_BOOL_CONVERSION = YES;
				CLANG_WARN_COMMA = YES;
				CLANG_WARN_CONSTANT_CONVERSION = YES;
				CLANG_WARN_DEPRECATED_OBJC_IMPLEMENTATIONS = YES;
				CLANG_WARN_DIRECT_OBJC_ISA_USAGE = YES_ERROR;
				CLANG_WARN_DOCUMENTATION_COMMENTS = YES;
				CLANG_WARN_EMPTY_BODY = YES;
				CLANG_WARN_ENUM_CONVERSION = YES;
				CLANG_WARN_INFINITE_RECURSION = YES;
				CLANG_WARN_INT_CONVERSION = YES;
				CLANG_WARN_NON_LITERAL_NULL_CONVERSION = YES;
				CLANG_WARN_OBJC_IMPLICIT_RETAIN_SELF = YES;
				CLANG_WARN_OBJC_LITERAL_CONVERSION = YES;
				CLANG_WARN_OBJC_ROOT_CLASS = YES_ERROR;
				CLANG_WARN_QUOTED_INCLUDE_IN_FRAMEWORK_HEADER = YES;
				CLANG_WARN_RANGE_LOOP_ANALYSIS = YES;
				CLANG_WARN_STRICT_PROTOTYPES = YES;
				CLANG_WARN_SUSPICIOUS_MOVE = YES;
				CLANG_WARN_UNGUARDED_AVAILABILITY = YES_AGGRESSIVE;
				CLANG_WARN_UNREACHABLE_CODE = YES;
				CLANG_WARN__DUPLICATE_METHOD_MATCH = YES;
				COPY_PHASE_STRIP = NO;
				DEBUG_INFORMATION_FORMAT = "dwarf-with-dsym";
				ENABLE_NS_ASSERTIONS = NO;
				ENABLE_STRICT_OBJC_MSGSEND = YES;
				GCC_C_LANGUAGE_STANDARD = gnu11;
				GCC_NO_COMMON_BLOCKS = YES;
				GCC_WARN_64_TO_32_BIT_CONVERSION = YES;
				GCC_WARN_ABOUT_RETURN_TYPE = YES_ERROR;
				GCC_WARN_UNDECLARED_SELECTOR = YES;
				GCC_WARN_UNINITIALIZED_AUTOS = YES_AGGRESSIVE;
				GCC_WARN_UNUSED_FUNCTION = YES;
				GCC_WARN_UNUSED_VARIABLE = YES;
				IPHONEOS_DEPLOYMENT_TARGET = 14.2;
				MTL_ENABLE_DEBUG_INFO = NO;
				MTL_FAST_MATH = YES;
				SDKROOT = iphoneos;
				SWIFT_COMPILATION_MODE = wholemodule;
				SWIFT_OPTIMIZATION_LEVEL = "-O";
				VALIDATE_PRODUCT = YES;
			};
			name = Release;
		};
		7B10B7D725C823BB00D0272E /* Debug */ = {
			isa = XCBuildConfiguration;
			buildSettings = {
				ASSETCATALOG_COMPILER_APPICON_NAME = AppIcon;
				ASSETCATALOG_COMPILER_GLOBAL_ACCENT_COLOR_NAME = AccentColor;
				CODE_SIGN_STYLE = Automatic;
				DEVELOPMENT_TEAM = 68FXT4UH73;
				INFOPLIST_FILE = "ToDo/Supporting Files/Info.plist";
				LD_RUNPATH_SEARCH_PATHS = (
					"$(inherited)",
					"@executable_path/Frameworks",
				);
				PRODUCT_BUNDLE_IDENTIFIER = ru.egorskikh.ToDo;
				PRODUCT_NAME = "$(TARGET_NAME)";
				SWIFT_VERSION = 5.0;
				TARGETED_DEVICE_FAMILY = "1,2";
			};
			name = Debug;
		};
		7B10B7D825C823BB00D0272E /* Release */ = {
			isa = XCBuildConfiguration;
			buildSettings = {
				ASSETCATALOG_COMPILER_APPICON_NAME = AppIcon;
				ASSETCATALOG_COMPILER_GLOBAL_ACCENT_COLOR_NAME = AccentColor;
				CODE_SIGN_STYLE = Automatic;
				DEVELOPMENT_TEAM = 68FXT4UH73;
				INFOPLIST_FILE = "ToDo/Supporting Files/Info.plist";
				LD_RUNPATH_SEARCH_PATHS = (
					"$(inherited)",
					"@executable_path/Frameworks",
				);
				PRODUCT_BUNDLE_IDENTIFIER = ru.egorskikh.ToDo;
				PRODUCT_NAME = "$(TARGET_NAME)";
				SWIFT_VERSION = 5.0;
				TARGETED_DEVICE_FAMILY = "1,2";
			};
			name = Release;
		};
		7B10B7DA25C823BB00D0272E /* Debug */ = {
			isa = XCBuildConfiguration;
			buildSettings = {
				ALWAYS_EMBED_SWIFT_STANDARD_LIBRARIES = YES;
				BUNDLE_LOADER = "$(TEST_HOST)";
				CODE_SIGN_STYLE = Automatic;
				DEVELOPMENT_TEAM = 68FXT4UH73;
				INFOPLIST_FILE = ToDoTests/Info.plist;
				IPHONEOS_DEPLOYMENT_TARGET = 14.2;
				LD_RUNPATH_SEARCH_PATHS = (
					"$(inherited)",
					"@executable_path/Frameworks",
					"@loader_path/Frameworks",
				);
				PRODUCT_BUNDLE_IDENTIFIER = ru.egorskikh.ToDoTests;
				PRODUCT_NAME = "$(TARGET_NAME)";
				SWIFT_VERSION = 5.0;
				TARGETED_DEVICE_FAMILY = "1,2";
				TEST_HOST = "$(BUILT_PRODUCTS_DIR)/ToDo.app/ToDo";
			};
			name = Debug;
		};
		7B10B7DB25C823BB00D0272E /* Release */ = {
			isa = XCBuildConfiguration;
			buildSettings = {
				ALWAYS_EMBED_SWIFT_STANDARD_LIBRARIES = YES;
				BUNDLE_LOADER = "$(TEST_HOST)";
				CODE_SIGN_STYLE = Automatic;
				DEVELOPMENT_TEAM = 68FXT4UH73;
				INFOPLIST_FILE = ToDoTests/Info.plist;
				IPHONEOS_DEPLOYMENT_TARGET = 14.2;
				LD_RUNPATH_SEARCH_PATHS = (
					"$(inherited)",
					"@executable_path/Frameworks",
					"@loader_path/Frameworks",
				);
				PRODUCT_BUNDLE_IDENTIFIER = ru.egorskikh.ToDoTests;
				PRODUCT_NAME = "$(TARGET_NAME)";
				SWIFT_VERSION = 5.0;
				TARGETED_DEVICE_FAMILY = "1,2";
				TEST_HOST = "$(BUILT_PRODUCTS_DIR)/ToDo.app/ToDo";
			};
			name = Release;
		};
		7B10B7DD25C823BB00D0272E /* Debug */ = {
			isa = XCBuildConfiguration;
			buildSettings = {
				ALWAYS_EMBED_SWIFT_STANDARD_LIBRARIES = YES;
				CODE_SIGN_STYLE = Automatic;
				DEVELOPMENT_TEAM = 68FXT4UH73;
				INFOPLIST_FILE = ToDoUITests/Info.plist;
				LD_RUNPATH_SEARCH_PATHS = (
					"$(inherited)",
					"@executable_path/Frameworks",
					"@loader_path/Frameworks",
				);
				PRODUCT_BUNDLE_IDENTIFIER = ru.egorskikh.ToDoUITests;
				PRODUCT_NAME = "$(TARGET_NAME)";
				SWIFT_VERSION = 5.0;
				TARGETED_DEVICE_FAMILY = "1,2";
				TEST_TARGET_NAME = ToDo;
			};
			name = Debug;
		};
		7B10B7DE25C823BB00D0272E /* Release */ = {
			isa = XCBuildConfiguration;
			buildSettings = {
				ALWAYS_EMBED_SWIFT_STANDARD_LIBRARIES = YES;
				CODE_SIGN_STYLE = Automatic;
				DEVELOPMENT_TEAM = 68FXT4UH73;
				INFOPLIST_FILE = ToDoUITests/Info.plist;
				LD_RUNPATH_SEARCH_PATHS = (
					"$(inherited)",
					"@executable_path/Frameworks",
					"@loader_path/Frameworks",
				);
				PRODUCT_BUNDLE_IDENTIFIER = ru.egorskikh.ToDoUITests;
				PRODUCT_NAME = "$(TARGET_NAME)";
				SWIFT_VERSION = 5.0;
				TARGETED_DEVICE_FAMILY = "1,2";
				TEST_TARGET_NAME = ToDo;
			};
			name = Release;
		};
/* End XCBuildConfiguration section */

/* Begin XCConfigurationList section */
		7B10B7A725C823B200D0272E /* Build configuration list for PBXProject "ToDo" */ = {
			isa = XCConfigurationList;
			buildConfigurations = (
				7B10B7D425C823BB00D0272E /* Debug */,
				7B10B7D525C823BB00D0272E /* Release */,
			);
			defaultConfigurationIsVisible = 0;
			defaultConfigurationName = Release;
		};
		7B10B7D625C823BB00D0272E /* Build configuration list for PBXNativeTarget "ToDo" */ = {
			isa = XCConfigurationList;
			buildConfigurations = (
				7B10B7D725C823BB00D0272E /* Debug */,
				7B10B7D825C823BB00D0272E /* Release */,
			);
			defaultConfigurationIsVisible = 0;
			defaultConfigurationName = Release;
		};
		7B10B7D925C823BB00D0272E /* Build configuration list for PBXNativeTarget "ToDoTests" */ = {
			isa = XCConfigurationList;
			buildConfigurations = (
				7B10B7DA25C823BB00D0272E /* Debug */,
				7B10B7DB25C823BB00D0272E /* Release */,
			);
			defaultConfigurationIsVisible = 0;
			defaultConfigurationName = Release;
		};
		7B10B7DC25C823BB00D0272E /* Build configuration list for PBXNativeTarget "ToDoUITests" */ = {
			isa = XCConfigurationList;
			buildConfigurations = (
				7B10B7DD25C823BB00D0272E /* Debug */,
				7B10B7DE25C823BB00D0272E /* Release */,
			);
			defaultConfigurationIsVisible = 0;
			defaultConfigurationName = Release;
		};
/* End XCConfigurationList section */
	};
	rootObject = 7B10B7A425C823B200D0272E /* Project object */;
}
